
Microsoft Visual Studio Solution File, Format Version 10.00
# Visual C# Express 2008
Project("{FAE04EC0-301F-11D3-BF4B-00C04F79EFBC}") = "chartimport", "chartimport\chartimport.csproj", "{F5F5B5D7-9937-4B08-AC89-B46072EE03FD}"
EndProject
Global
	GlobalSection(SolutionConfigurationPlatforms) = preSolution
		Debug|Any CPU = Debug|Any CPU
		Release|Any CPU = Release|Any CPU
	EndGlobalSection
	GlobalSection(ProjectConfigurationPlatforms) = postSolution
		{F5F5B5D7-9937-4B08-AC89-B46072EE03FD}.Debug|Any CPU.ActiveCfg = Debug|Any CPU
		{F5F5B5D7-9937-4B08-AC89-B46072EE03FD}.Debug|Any CPU.Build.0 = Debug|Any CPU
		{F5F5B5D7-9937-4B08-AC89-B46072EE03FD}.Release|Any CPU.ActiveCfg = Release|Any CPU
		{F5F5B5D7-9937-4B08-AC89-B46072EE03FD}.Release|Any CPU.Build.0 = Release|Any CPU
	EndGlobalSection
	GlobalSection(SolutionProperties) = preSolution
		HideSolutionNode = FALSE
	EndGlobalSection
EndGlobal
